
Microsoft Visual Studio Solution File, Format Version 12.00
# Visual Studio Version 16
VisualStudioVersion = 16.0.31410.357
MinimumVisualStudioVersion = 10.0.40219.1
Project("{9A19103F-16F7-4668-BE54-9A1E7A4F7556}") = "Session 23 Exercises", "Session 23 Exercises\Session 23 Exercises.csproj", "{36F7F63A-2902-4212-896C-0489956CAC8A}"
EndProject
Project("{FAE04EC0-301F-11D3-BF4B-00C04F79EFBC}") = "Session 23 Exercises.Tests", "Session 23 Exercises.Tests\Session 23 Exercises.Tests.csproj", "{9CDCDE8A-A98E-4259-AF02-0510734659B8}"
EndProject
Global
	GlobalSection(SolutionConfigurationPlatforms) = preSolution
		Debug|Any CPU = Debug|Any CPU
		Release|Any CPU = Release|Any CPU
	EndGlobalSection
	GlobalSection(ProjectConfigurationPlatforms) = postSolution
		{36F7F63A-2902-4212-896C-0489956CAC8A}.Debug|Any CPU.ActiveCfg = Debug|Any CPU
		{36F7F63A-2902-4212-896C-0489956CAC8A}.Debug|Any CPU.Build.0 = Debug|Any CPU
		{36F7F63A-2902-4212-896C-0489956CAC8A}.Release|Any CPU.ActiveCfg = Release|Any CPU
		{36F7F63A-2902-4212-896C-0489956CAC8A}.Release|Any CPU.Build.0 = Release|Any CPU
		{9CDCDE8A-A98E-4259-AF02-0510734659B8}.Debug|Any CPU.ActiveCfg = Debug|Any CPU
		{9CDCDE8A-A98E-4259-AF02-0510734659B8}.Debug|Any CPU.Build.0 = Debug|Any CPU
		{9CDCDE8A-A98E-4259-AF02-0510734659B8}.Release|Any CPU.ActiveCfg = Release|Any CPU
		{9CDCDE8A-A98E-4259-AF02-0510734659B8}.Release|Any CPU.Build.0 = Release|Any CPU
	EndGlobalSection
	GlobalSection(SolutionProperties) = preSolution
		HideSolutionNode = FALSE
	EndGlobalSection
	GlobalSection(ExtensibilityGlobals) = postSolution
		SolutionGuid = {1D0CBFAC-3761-409B-BC5F-2F393E22B6F6}
	EndGlobalSection
EndGlobal
